
Microsoft Visual Studio Solution File, Format Version 12.00
# Visual Studio Version 16
VisualStudioVersion = 16.0.31515.178
MinimumVisualStudioVersion = 10.0.40219.1
Project("{FAE04EC0-301F-11D3-BF4B-00C04F79EFBC}") = "Calc", "Calc.csproj", "{067A1B29-E587-487C-9CBD-F289E925D10D}"
EndProject
Project("{FAE04EC0-301F-11D3-BF4B-00C04F79EFBC}") = "Views", "..\WpfCustomControlLibrary1\Views.csproj", "{04D91454-120B-4632-83F2-79F8F7D29E1F}"
EndProject
Project("{FAE04EC0-301F-11D3-BF4B-00C04F79EFBC}") = "ViewModels", "..\ViewModels\ViewModels.csproj", "{52857734-399B-478D-8F08-4AE91FC4DD7B}"
EndProject
Global
	GlobalSection(SolutionConfigurationPlatforms) = preSolution
		Debug|Any CPU = Debug|Any CPU
		Release|Any CPU = Release|Any CPU
	EndGlobalSection
	GlobalSection(ProjectConfigurationPlatforms) = postSolution
		{067A1B29-E587-487C-9CBD-F289E925D10D}.Debug|Any CPU.ActiveCfg = Debug|Any CPU
		{067A1B29-E587-487C-9CBD-F289E925D10D}.Debug|Any CPU.Build.0 = Debug|Any CPU
		{067A1B29-E587-487C-9CBD-F289E925D10D}.Release|Any CPU.ActiveCfg = Release|Any CPU
		{067A1B29-E587-487C-9CBD-F289E925D10D}.Release|Any CPU.Build.0 = Release|Any CPU
		{04D91454-120B-4632-83F2-79F8F7D29E1F}.Debug|Any CPU.ActiveCfg = Debug|Any CPU
		{04D91454-120B-4632-83F2-79F8F7D29E1F}.Debug|Any CPU.Build.0 = Debug|Any CPU
		{04D91454-120B-4632-83F2-79F8F7D29E1F}.Release|Any CPU.ActiveCfg = Release|Any CPU
		{04D91454-120B-4632-83F2-79F8F7D29E1F}.Release|Any CPU.Build.0 = Release|Any CPU
		{52857734-399B-478D-8F08-4AE91FC4DD7B}.Debug|Any CPU.ActiveCfg = Debug|Any CPU
		{52857734-399B-478D-8F08-4AE91FC4DD7B}.Debug|Any CPU.Build.0 = Debug|Any CPU
		{52857734-399B-478D-8F08-4AE91FC4DD7B}.Release|Any CPU.ActiveCfg = Release|Any CPU
		{52857734-399B-478D-8F08-4AE91FC4DD7B}.Release|Any CPU.Build.0 = Release|Any CPU
	EndGlobalSection
	GlobalSection(SolutionProperties) = preSolution
		HideSolutionNode = FALSE
	EndGlobalSection
	GlobalSection(ExtensibilityGlobals) = postSolution
		SolutionGuid = {6BCC2767-89F6-41B8-BB8E-35F8A10318DF}
	EndGlobalSection
EndGlobal
